
Microsoft Visual Studio Solution File, Format Version 12.00
# Visual Studio 15
VisualStudioVersion = 15.0.28307.168
MinimumVisualStudioVersion = 10.0.40219.1
Project("{FAE04EC0-301F-11D3-BF4B-00C04F79EFBC}") = "Task 2.4 Forms", "Task 2.4 Forms\Task 2.4 Forms.csproj", "{8CF3D666-8902-4103-B63A-33E3DA480740}"
EndProject
Global
	GlobalSection(SolutionConfigurationPlatforms) = preSolution
		Debug|Any CPU = Debug|Any CPU
		Release|Any CPU = Release|Any CPU
	EndGlobalSection
	GlobalSection(ProjectConfigurationPlatforms) = postSolution
		{8CF3D666-8902-4103-B63A-33E3DA480740}.Debug|Any CPU.ActiveCfg = Debug|Any CPU
		{8CF3D666-8902-4103-B63A-33E3DA480740}.Debug|Any CPU.Build.0 = Debug|Any CPU
		{8CF3D666-8902-4103-B63A-33E3DA480740}.Release|Any CPU.ActiveCfg = Release|Any CPU
		{8CF3D666-8902-4103-B63A-33E3DA480740}.Release|Any CPU.Build.0 = Release|Any CPU
	EndGlobalSection
	GlobalSection(SolutionProperties) = preSolution
		HideSolutionNode = FALSE
	EndGlobalSection
	GlobalSection(ExtensibilityGlobals) = postSolution
		SolutionGuid = {E76AC1E8-0FD5-4A99-B33D-F14A85CDD11B}
	EndGlobalSection
EndGlobal
